PODS:
  - SQLCipher (4.10.0):
    - SQLCipher/standard (= 4.10.0)
  - SQLCipher/common (4.10.0)
  - SQLCipher/standard (4.10.0):
    - SQLCipher/common

DEPENDENCIES:
  - SQLCipher (~> 4.6)

SPEC REPOS:
  trunk:
    - SQLCipher

SPEC CHECKSUMS:
  SQLCipher: eb79c64049cb002b4e9fcb30edb7979bf4706dfc

PODFILE CHECKSUM: 40329884a374045f32cf97374d7d06d840850115

COCOAPODS: 1.16.2
